
Microsoft Visual Studio Solution File, Format Version 12.00
# Visual Studio Version 17
VisualStudioVersion = 17.4.33213.308
MinimumVisualStudioVersion = 10.0.40219.1
Project("{FAE04EC0-301F-11D3-BF4B-00C04F79EFBC}") = "NetworkService", "NetworkService\NetworkService.csproj", "{B69C5FF0-C7CD-4064-8A8D-D1830D7D1D3C}"
EndProject
Global
	GlobalSection(SolutionConfigurationPlatforms) = preSolution
		Debug|Any CPU = Debug|Any CPU
		Release|Any CPU = Release|Any CPU
	EndGlobalSection
	GlobalSection(ProjectConfigurationPlatforms) = postSolution
		{B69C5FF0-C7CD-4064-8A8D-D1830D7D1D3C}.Debug|Any CPU.ActiveCfg = Debug|Any CPU
		{B69C5FF0-C7CD-4064-8A8D-D1830D7D1D3C}.Debug|Any CPU.Build.0 = Debug|Any CPU
		{B69C5FF0-C7CD-4064-8A8D-D1830D7D1D3C}.Release|Any CPU.ActiveCfg = Release|Any CPU
		{B69C5FF0-C7CD-4064-8A8D-D1830D7D1D3C}.Release|Any CPU.Build.0 = Release|Any CPU
	EndGlobalSection
	GlobalSection(SolutionProperties) = preSolution
		HideSolutionNode = FALSE
	EndGlobalSection
	GlobalSection(ExtensibilityGlobals) = postSolution
		SolutionGuid = {F7BEEE78-8D6E-4AC4-82FA-DDC7278AB760}
	EndGlobalSection
EndGlobal
